
Microsoft Visual Studio Solution File, Format Version 12.00
# Visual Studio Version 17
VisualStudioVersion = 17.4.33205.214
MinimumVisualStudioVersion = 10.0.40219.1
Project("{FAE04EC0-301F-11D3-BF4B-00C04F79EFBC}") = "asd", "new\asd.csproj", "{7ED54700-0634-44AD-82C3-8F0EDDD40000}"
EndProject
Global
	GlobalSection(SolutionConfigurationPlatforms) = preSolution
		Debug|Any CPU = Debug|Any CPU
		Release|Any CPU = Release|Any CPU
	EndGlobalSection
	GlobalSection(ProjectConfigurationPlatforms) = postSolution
		{7ED54700-0634-44AD-82C3-8F0EDDD40000}.Debug|Any CPU.ActiveCfg = Debug|Any CPU
		{7ED54700-0634-44AD-82C3-8F0EDDD40000}.Debug|Any CPU.Build.0 = Debug|Any CPU
		{7ED54700-0634-44AD-82C3-8F0EDDD40000}.Release|Any CPU.ActiveCfg = Release|Any CPU
		{7ED54700-0634-44AD-82C3-8F0EDDD40000}.Release|Any CPU.Build.0 = Release|Any CPU
	EndGlobalSection
	GlobalSection(SolutionProperties) = preSolution
		HideSolutionNode = FALSE
	EndGlobalSection
	GlobalSection(ExtensibilityGlobals) = postSolution
		SolutionGuid = {01CCA934-04B1-4B73-B1C0-3A67B4749F18}
	EndGlobalSection
EndGlobal
